
Microsoft Visual Studio Solution File, Format Version 12.00
# Visual Studio Version 16
VisualStudioVersion = 16.0.30523.141
MinimumVisualStudioVersion = 10.0.40219.1
Project("{FAE04EC0-301F-11D3-BF4B-00C04F79EFBC}") = "Lesson_148", "Lesson_148\Lesson_148.csproj", "{A8A04BD0-44A6-49F3-BDB2-300DE8CCA3D3}"
EndProject
Global
	GlobalSection(SolutionConfigurationPlatforms) = preSolution
		Debug|Any CPU = Debug|Any CPU
		Release|Any CPU = Release|Any CPU
	EndGlobalSection
	GlobalSection(ProjectConfigurationPlatforms) = postSolution
		{A8A04BD0-44A6-49F3-BDB2-300DE8CCA3D3}.Debug|Any CPU.ActiveCfg = Debug|Any CPU
		{A8A04BD0-44A6-49F3-BDB2-300DE8CCA3D3}.Debug|Any CPU.Build.0 = Debug|Any CPU
		{A8A04BD0-44A6-49F3-BDB2-300DE8CCA3D3}.Release|Any CPU.ActiveCfg = Release|Any CPU
		{A8A04BD0-44A6-49F3-BDB2-300DE8CCA3D3}.Release|Any CPU.Build.0 = Release|Any CPU
	EndGlobalSection
	GlobalSection(SolutionProperties) = preSolution
		HideSolutionNode = FALSE
	EndGlobalSection
	GlobalSection(ExtensibilityGlobals) = postSolution
		SolutionGuid = {CAA573E3-7535-4A45-AF6F-F8666262F3D2}
	EndGlobalSection
EndGlobal
