
Microsoft Visual Studio Solution File, Format Version 12.00
# Visual Studio Version 16
VisualStudioVersion = 16.0.30523.141
MinimumVisualStudioVersion = 10.0.40219.1
Project("{FAE04EC0-301F-11D3-BF4B-00C04F79EFBC}") = "Lesson_81", "Lesson_81\Lesson_81.csproj", "{0D46851E-BBCE-4A3C-97E9-CA1F45E664EC}"
EndProject
Global
	GlobalSection(SolutionConfigurationPlatforms) = preSolution
		Debug|Any CPU = Debug|Any CPU
		Release|Any CPU = Release|Any CPU
	EndGlobalSection
	GlobalSection(ProjectConfigurationPlatforms) = postSolution
		{0D46851E-BBCE-4A3C-97E9-CA1F45E664EC}.Debug|Any CPU.ActiveCfg = Debug|Any CPU
		{0D46851E-BBCE-4A3C-97E9-CA1F45E664EC}.Debug|Any CPU.Build.0 = Debug|Any CPU
		{0D46851E-BBCE-4A3C-97E9-CA1F45E664EC}.Release|Any CPU.ActiveCfg = Release|Any CPU
		{0D46851E-BBCE-4A3C-97E9-CA1F45E664EC}.Release|Any CPU.Build.0 = Release|Any CPU
	EndGlobalSection
	GlobalSection(SolutionProperties) = preSolution
		HideSolutionNode = FALSE
	EndGlobalSection
	GlobalSection(ExtensibilityGlobals) = postSolution
		SolutionGuid = {70C325C7-4C42-4FC9-A712-EB5B4878857C}
	EndGlobalSection
EndGlobal
