
Microsoft Visual Studio Solution File, Format Version 12.00
# Visual Studio Version 16
VisualStudioVersion = 16.0.30523.141
MinimumVisualStudioVersion = 10.0.40219.1
Project("{FAE04EC0-301F-11D3-BF4B-00C04F79EFBC}") = "Lesson_166", "Lesson_166\Lesson_166.csproj", "{C9D33421-626A-4491-BB1E-2F51C68DDBEA}"
EndProject
Global
	GlobalSection(SolutionConfigurationPlatforms) = preSolution
		Debug|Any CPU = Debug|Any CPU
		Release|Any CPU = Release|Any CPU
	EndGlobalSection
	GlobalSection(ProjectConfigurationPlatforms) = postSolution
		{C9D33421-626A-4491-BB1E-2F51C68DDBEA}.Debug|Any CPU.ActiveCfg = Debug|Any CPU
		{C9D33421-626A-4491-BB1E-2F51C68DDBEA}.Debug|Any CPU.Build.0 = Debug|Any CPU
		{C9D33421-626A-4491-BB1E-2F51C68DDBEA}.Release|Any CPU.ActiveCfg = Release|Any CPU
		{C9D33421-626A-4491-BB1E-2F51C68DDBEA}.Release|Any CPU.Build.0 = Release|Any CPU
	EndGlobalSection
	GlobalSection(SolutionProperties) = preSolution
		HideSolutionNode = FALSE
	EndGlobalSection
	GlobalSection(ExtensibilityGlobals) = postSolution
		SolutionGuid = {63426DED-ABC4-4A2A-9956-C57DD2480759}
	EndGlobalSection
EndGlobal
