
Microsoft Visual Studio Solution File, Format Version 12.00
# Visual Studio Version 16
VisualStudioVersion = 16.0.30523.141
MinimumVisualStudioVersion = 10.0.40219.1
Project("{FAE04EC0-301F-11D3-BF4B-00C04F79EFBC}") = "Lesson_74", "Lesson_74\Lesson_74.csproj", "{580D69E3-4A1B-44BD-B76E-91C81001F969}"
EndProject
Global
	GlobalSection(SolutionConfigurationPlatforms) = preSolution
		Debug|Any CPU = Debug|Any CPU
		Release|Any CPU = Release|Any CPU
	EndGlobalSection
	GlobalSection(ProjectConfigurationPlatforms) = postSolution
		{580D69E3-4A1B-44BD-B76E-91C81001F969}.Debug|Any CPU.ActiveCfg = Debug|Any CPU
		{580D69E3-4A1B-44BD-B76E-91C81001F969}.Debug|Any CPU.Build.0 = Debug|Any CPU
		{580D69E3-4A1B-44BD-B76E-91C81001F969}.Release|Any CPU.ActiveCfg = Release|Any CPU
		{580D69E3-4A1B-44BD-B76E-91C81001F969}.Release|Any CPU.Build.0 = Release|Any CPU
	EndGlobalSection
	GlobalSection(SolutionProperties) = preSolution
		HideSolutionNode = FALSE
	EndGlobalSection
	GlobalSection(ExtensibilityGlobals) = postSolution
		SolutionGuid = {E8251675-84F0-467A-A490-6D3CEE5FCA13}
	EndGlobalSection
EndGlobal
