
Microsoft Visual Studio Solution File, Format Version 12.00
# Visual Studio Version 16
VisualStudioVersion = 16.0.30517.126
MinimumVisualStudioVersion = 10.0.40219.1
Project("{FAE04EC0-301F-11D3-BF4B-00C04F79EFBC}") = "Lesson_50", "Lesson_50\Lesson_50.csproj", "{34F1DCAD-EEB2-45B6-8619-45A77B158B65}"
EndProject
Global
	GlobalSection(SolutionConfigurationPlatforms) = preSolution
		Debug|Any CPU = Debug|Any CPU
		Release|Any CPU = Release|Any CPU
	EndGlobalSection
	GlobalSection(ProjectConfigurationPlatforms) = postSolution
		{34F1DCAD-EEB2-45B6-8619-45A77B158B65}.Debug|Any CPU.ActiveCfg = Debug|Any CPU
		{34F1DCAD-EEB2-45B6-8619-45A77B158B65}.Debug|Any CPU.Build.0 = Debug|Any CPU
		{34F1DCAD-EEB2-45B6-8619-45A77B158B65}.Release|Any CPU.ActiveCfg = Release|Any CPU
		{34F1DCAD-EEB2-45B6-8619-45A77B158B65}.Release|Any CPU.Build.0 = Release|Any CPU
	EndGlobalSection
	GlobalSection(SolutionProperties) = preSolution
		HideSolutionNode = FALSE
	EndGlobalSection
	GlobalSection(ExtensibilityGlobals) = postSolution
		SolutionGuid = {95A40F7C-CA5C-4BDE-BBAD-85D4D2666657}
	EndGlobalSection
EndGlobal
