
Microsoft Visual Studio Solution File, Format Version 12.00
# Visual Studio Version 16
VisualStudioVersion = 16.0.30517.126
MinimumVisualStudioVersion = 10.0.40219.1
Project("{FAE04EC0-301F-11D3-BF4B-00C04F79EFBC}") = "Lesson_36_37", "Lesson_36_37\Lesson_36_37.csproj", "{A1632797-F48B-456D-A3DD-67CB6CD8D7A4}"
EndProject
Global
	GlobalSection(SolutionConfigurationPlatforms) = preSolution
		Debug|Any CPU = Debug|Any CPU
		Release|Any CPU = Release|Any CPU
	EndGlobalSection
	GlobalSection(ProjectConfigurationPlatforms) = postSolution
		{A1632797-F48B-456D-A3DD-67CB6CD8D7A4}.Debug|Any CPU.ActiveCfg = Debug|Any CPU
		{A1632797-F48B-456D-A3DD-67CB6CD8D7A4}.Debug|Any CPU.Build.0 = Debug|Any CPU
		{A1632797-F48B-456D-A3DD-67CB6CD8D7A4}.Release|Any CPU.ActiveCfg = Release|Any CPU
		{A1632797-F48B-456D-A3DD-67CB6CD8D7A4}.Release|Any CPU.Build.0 = Release|Any CPU
	EndGlobalSection
	GlobalSection(SolutionProperties) = preSolution
		HideSolutionNode = FALSE
	EndGlobalSection
	GlobalSection(ExtensibilityGlobals) = postSolution
		SolutionGuid = {66D7E9D6-4434-4C23-9E65-B2B9E30FA72F}
	EndGlobalSection
EndGlobal
