
Microsoft Visual Studio Solution File, Format Version 12.00
# Visual Studio Version 16
VisualStudioVersion = 16.0.30523.141
MinimumVisualStudioVersion = 10.0.40219.1
Project("{FAE04EC0-301F-11D3-BF4B-00C04F79EFBC}") = "Lesson_157", "Lesson_157\Lesson_157.csproj", "{78E352AA-43D5-4DFC-B80D-9AEC50741BA0}"
EndProject
Global
	GlobalSection(SolutionConfigurationPlatforms) = preSolution
		Debug|Any CPU = Debug|Any CPU
		Release|Any CPU = Release|Any CPU
	EndGlobalSection
	GlobalSection(ProjectConfigurationPlatforms) = postSolution
		{78E352AA-43D5-4DFC-B80D-9AEC50741BA0}.Debug|Any CPU.ActiveCfg = Debug|Any CPU
		{78E352AA-43D5-4DFC-B80D-9AEC50741BA0}.Debug|Any CPU.Build.0 = Debug|Any CPU
		{78E352AA-43D5-4DFC-B80D-9AEC50741BA0}.Release|Any CPU.ActiveCfg = Release|Any CPU
		{78E352AA-43D5-4DFC-B80D-9AEC50741BA0}.Release|Any CPU.Build.0 = Release|Any CPU
	EndGlobalSection
	GlobalSection(SolutionProperties) = preSolution
		HideSolutionNode = FALSE
	EndGlobalSection
	GlobalSection(ExtensibilityGlobals) = postSolution
		SolutionGuid = {284CD632-B6EB-44AF-8129-069866E972A9}
	EndGlobalSection
EndGlobal
