
Microsoft Visual Studio Solution File, Format Version 12.00
# Visual Studio Version 16
VisualStudioVersion = 16.0.30517.126
MinimumVisualStudioVersion = 10.0.40219.1
Project("{FAE04EC0-301F-11D3-BF4B-00C04F79EFBC}") = "Lesson_20", "Lesson_20\Lesson_20.csproj", "{2CB7A530-A87F-49C8-AC0B-F1A7C90DAE35}"
EndProject
Global
	GlobalSection(SolutionConfigurationPlatforms) = preSolution
		Debug|Any CPU = Debug|Any CPU
		Release|Any CPU = Release|Any CPU
	EndGlobalSection
	GlobalSection(ProjectConfigurationPlatforms) = postSolution
		{2CB7A530-A87F-49C8-AC0B-F1A7C90DAE35}.Debug|Any CPU.ActiveCfg = Debug|Any CPU
		{2CB7A530-A87F-49C8-AC0B-F1A7C90DAE35}.Debug|Any CPU.Build.0 = Debug|Any CPU
		{2CB7A530-A87F-49C8-AC0B-F1A7C90DAE35}.Release|Any CPU.ActiveCfg = Release|Any CPU
		{2CB7A530-A87F-49C8-AC0B-F1A7C90DAE35}.Release|Any CPU.Build.0 = Release|Any CPU
	EndGlobalSection
	GlobalSection(SolutionProperties) = preSolution
		HideSolutionNode = FALSE
	EndGlobalSection
	GlobalSection(ExtensibilityGlobals) = postSolution
		SolutionGuid = {DBDC39FB-5863-474F-BF3D-B19736E437C6}
	EndGlobalSection
EndGlobal
