
Microsoft Visual Studio Solution File, Format Version 12.00
# Visual Studio Version 16
VisualStudioVersion = 16.0.30517.126
MinimumVisualStudioVersion = 10.0.40219.1
Project("{FAE04EC0-301F-11D3-BF4B-00C04F79EFBC}") = "Lesson_19", "Lesson_19\Lesson_19.csproj", "{FCDC1518-31EC-4DE9-AC28-D03CB9B59A53}"
EndProject
Global
	GlobalSection(SolutionConfigurationPlatforms) = preSolution
		Debug|Any CPU = Debug|Any CPU
		Release|Any CPU = Release|Any CPU
	EndGlobalSection
	GlobalSection(ProjectConfigurationPlatforms) = postSolution
		{FCDC1518-31EC-4DE9-AC28-D03CB9B59A53}.Debug|Any CPU.ActiveCfg = Debug|Any CPU
		{FCDC1518-31EC-4DE9-AC28-D03CB9B59A53}.Debug|Any CPU.Build.0 = Debug|Any CPU
		{FCDC1518-31EC-4DE9-AC28-D03CB9B59A53}.Release|Any CPU.ActiveCfg = Release|Any CPU
		{FCDC1518-31EC-4DE9-AC28-D03CB9B59A53}.Release|Any CPU.Build.0 = Release|Any CPU
	EndGlobalSection
	GlobalSection(SolutionProperties) = preSolution
		HideSolutionNode = FALSE
	EndGlobalSection
	GlobalSection(ExtensibilityGlobals) = postSolution
		SolutionGuid = {0E8DDCE1-B231-49D9-A7E8-607746D7BACE}
	EndGlobalSection
EndGlobal
