
Microsoft Visual Studio Solution File, Format Version 12.00
# Visual Studio Version 16
VisualStudioVersion = 16.0.30517.126
MinimumVisualStudioVersion = 10.0.40219.1
Project("{FAE04EC0-301F-11D3-BF4B-00C04F79EFBC}") = "Lesson_2", "Lesson_2\Lesson_2.csproj", "{997499B0-3A6C-4410-8D69-BB27BE699658}"
EndProject
Global
	GlobalSection(SolutionConfigurationPlatforms) = preSolution
		Debug|Any CPU = Debug|Any CPU
		Release|Any CPU = Release|Any CPU
	EndGlobalSection
	GlobalSection(ProjectConfigurationPlatforms) = postSolution
		{997499B0-3A6C-4410-8D69-BB27BE699658}.Debug|Any CPU.ActiveCfg = Debug|Any CPU
		{997499B0-3A6C-4410-8D69-BB27BE699658}.Debug|Any CPU.Build.0 = Debug|Any CPU
		{997499B0-3A6C-4410-8D69-BB27BE699658}.Release|Any CPU.ActiveCfg = Release|Any CPU
		{997499B0-3A6C-4410-8D69-BB27BE699658}.Release|Any CPU.Build.0 = Release|Any CPU
	EndGlobalSection
	GlobalSection(SolutionProperties) = preSolution
		HideSolutionNode = FALSE
	EndGlobalSection
	GlobalSection(ExtensibilityGlobals) = postSolution
		SolutionGuid = {843FC384-F775-4BFF-AD7D-5A453EAD2664}
	EndGlobalSection
EndGlobal
