
Microsoft Visual Studio Solution File, Format Version 12.00
# Visual Studio Version 16
VisualStudioVersion = 16.0.30517.126
MinimumVisualStudioVersion = 10.0.40219.1
Project("{FAE04EC0-301F-11D3-BF4B-00C04F79EFBC}") = "Lesson_24", "Lesson_24\Lesson_24.csproj", "{3580EE9F-21BB-4CA4-BC1A-F8310A64875D}"
EndProject
Global
	GlobalSection(SolutionConfigurationPlatforms) = preSolution
		Debug|Any CPU = Debug|Any CPU
		Release|Any CPU = Release|Any CPU
	EndGlobalSection
	GlobalSection(ProjectConfigurationPlatforms) = postSolution
		{3580EE9F-21BB-4CA4-BC1A-F8310A64875D}.Debug|Any CPU.ActiveCfg = Debug|Any CPU
		{3580EE9F-21BB-4CA4-BC1A-F8310A64875D}.Debug|Any CPU.Build.0 = Debug|Any CPU
		{3580EE9F-21BB-4CA4-BC1A-F8310A64875D}.Release|Any CPU.ActiveCfg = Release|Any CPU
		{3580EE9F-21BB-4CA4-BC1A-F8310A64875D}.Release|Any CPU.Build.0 = Release|Any CPU
	EndGlobalSection
	GlobalSection(SolutionProperties) = preSolution
		HideSolutionNode = FALSE
	EndGlobalSection
	GlobalSection(ExtensibilityGlobals) = postSolution
		SolutionGuid = {F8878BFF-4A93-49A0-AC82-1926C9E51C1E}
	EndGlobalSection
EndGlobal
