
Microsoft Visual Studio Solution File, Format Version 12.00
# Visual Studio Version 16
VisualStudioVersion = 16.0.30517.126
MinimumVisualStudioVersion = 10.0.40219.1
Project("{FAE04EC0-301F-11D3-BF4B-00C04F79EFBC}") = "Lesson_42", "Lesson_42\Lesson_42.csproj", "{8745541D-FBDD-429C-917D-055A22E04958}"
EndProject
Global
	GlobalSection(SolutionConfigurationPlatforms) = preSolution
		Debug|Any CPU = Debug|Any CPU
		Release|Any CPU = Release|Any CPU
	EndGlobalSection
	GlobalSection(ProjectConfigurationPlatforms) = postSolution
		{8745541D-FBDD-429C-917D-055A22E04958}.Debug|Any CPU.ActiveCfg = Debug|Any CPU
		{8745541D-FBDD-429C-917D-055A22E04958}.Debug|Any CPU.Build.0 = Debug|Any CPU
		{8745541D-FBDD-429C-917D-055A22E04958}.Release|Any CPU.ActiveCfg = Release|Any CPU
		{8745541D-FBDD-429C-917D-055A22E04958}.Release|Any CPU.Build.0 = Release|Any CPU
	EndGlobalSection
	GlobalSection(SolutionProperties) = preSolution
		HideSolutionNode = FALSE
	EndGlobalSection
	GlobalSection(ExtensibilityGlobals) = postSolution
		SolutionGuid = {EB29BD47-3B06-4C8E-B202-AF4CBD1C907F}
	EndGlobalSection
EndGlobal
