
Microsoft Visual Studio Solution File, Format Version 12.00
# Visual Studio Version 16
VisualStudioVersion = 16.0.30523.141
MinimumVisualStudioVersion = 10.0.40219.1
Project("{FAE04EC0-301F-11D3-BF4B-00C04F79EFBC}") = "Leson_73", "Leson_73\Leson_73.csproj", "{DB9CD19F-3832-45FA-A47B-45175D2A1CE3}"
EndProject
Global
	GlobalSection(SolutionConfigurationPlatforms) = preSolution
		Debug|Any CPU = Debug|Any CPU
		Release|Any CPU = Release|Any CPU
	EndGlobalSection
	GlobalSection(ProjectConfigurationPlatforms) = postSolution
		{DB9CD19F-3832-45FA-A47B-45175D2A1CE3}.Debug|Any CPU.ActiveCfg = Debug|Any CPU
		{DB9CD19F-3832-45FA-A47B-45175D2A1CE3}.Debug|Any CPU.Build.0 = Debug|Any CPU
		{DB9CD19F-3832-45FA-A47B-45175D2A1CE3}.Release|Any CPU.ActiveCfg = Release|Any CPU
		{DB9CD19F-3832-45FA-A47B-45175D2A1CE3}.Release|Any CPU.Build.0 = Release|Any CPU
	EndGlobalSection
	GlobalSection(SolutionProperties) = preSolution
		HideSolutionNode = FALSE
	EndGlobalSection
	GlobalSection(ExtensibilityGlobals) = postSolution
		SolutionGuid = {93BD70F0-CA11-4511-9122-D64C4172F1E7}
	EndGlobalSection
EndGlobal
