
Microsoft Visual Studio Solution File, Format Version 12.00
# Visual Studio Version 16
VisualStudioVersion = 16.0.30523.141
MinimumVisualStudioVersion = 10.0.40219.1
Project("{FAE04EC0-301F-11D3-BF4B-00C04F79EFBC}") = "Lesson_125_126", "Lesson_125_126\Lesson_125_126.csproj", "{10FEB88F-A54B-4B7B-9B18-EB3A4C5DB942}"
EndProject
Global
	GlobalSection(SolutionConfigurationPlatforms) = preSolution
		Debug|Any CPU = Debug|Any CPU
		Release|Any CPU = Release|Any CPU
	EndGlobalSection
	GlobalSection(ProjectConfigurationPlatforms) = postSolution
		{10FEB88F-A54B-4B7B-9B18-EB3A4C5DB942}.Debug|Any CPU.ActiveCfg = Debug|Any CPU
		{10FEB88F-A54B-4B7B-9B18-EB3A4C5DB942}.Debug|Any CPU.Build.0 = Debug|Any CPU
		{10FEB88F-A54B-4B7B-9B18-EB3A4C5DB942}.Release|Any CPU.ActiveCfg = Release|Any CPU
		{10FEB88F-A54B-4B7B-9B18-EB3A4C5DB942}.Release|Any CPU.Build.0 = Release|Any CPU
	EndGlobalSection
	GlobalSection(SolutionProperties) = preSolution
		HideSolutionNode = FALSE
	EndGlobalSection
	GlobalSection(ExtensibilityGlobals) = postSolution
		SolutionGuid = {2BBE8EFB-B6F8-4599-812F-35BB5BD2A205}
	EndGlobalSection
EndGlobal
