
Microsoft Visual Studio Solution File, Format Version 12.00
# Visual Studio Version 16
VisualStudioVersion = 16.0.30517.126
MinimumVisualStudioVersion = 10.0.40219.1
Project("{FAE04EC0-301F-11D3-BF4B-00C04F79EFBC}") = "Lesson_45", "Lesson_45\Lesson_45.csproj", "{EF3D11BE-67EC-4591-AA26-FB9AA83F0616}"
EndProject
Global
	GlobalSection(SolutionConfigurationPlatforms) = preSolution
		Debug|Any CPU = Debug|Any CPU
		Release|Any CPU = Release|Any CPU
	EndGlobalSection
	GlobalSection(ProjectConfigurationPlatforms) = postSolution
		{EF3D11BE-67EC-4591-AA26-FB9AA83F0616}.Debug|Any CPU.ActiveCfg = Debug|Any CPU
		{EF3D11BE-67EC-4591-AA26-FB9AA83F0616}.Debug|Any CPU.Build.0 = Debug|Any CPU
		{EF3D11BE-67EC-4591-AA26-FB9AA83F0616}.Release|Any CPU.ActiveCfg = Release|Any CPU
		{EF3D11BE-67EC-4591-AA26-FB9AA83F0616}.Release|Any CPU.Build.0 = Release|Any CPU
	EndGlobalSection
	GlobalSection(SolutionProperties) = preSolution
		HideSolutionNode = FALSE
	EndGlobalSection
	GlobalSection(ExtensibilityGlobals) = postSolution
		SolutionGuid = {4F9BEF64-E4C9-4F32-B7DC-13AAB5DABAF6}
	EndGlobalSection
EndGlobal
