
Microsoft Visual Studio Solution File, Format Version 12.00
# Visual Studio Version 16
VisualStudioVersion = 16.0.30517.126
MinimumVisualStudioVersion = 10.0.40219.1
Project("{FAE04EC0-301F-11D3-BF4B-00C04F79EFBC}") = "Lesson_54", "Lesson_54\Lesson_54.csproj", "{346E0A35-02AF-4AC7-B1CF-1A9A8DBFB01E}"
EndProject
Global
	GlobalSection(SolutionConfigurationPlatforms) = preSolution
		Debug|Any CPU = Debug|Any CPU
		Release|Any CPU = Release|Any CPU
	EndGlobalSection
	GlobalSection(ProjectConfigurationPlatforms) = postSolution
		{346E0A35-02AF-4AC7-B1CF-1A9A8DBFB01E}.Debug|Any CPU.ActiveCfg = Debug|Any CPU
		{346E0A35-02AF-4AC7-B1CF-1A9A8DBFB01E}.Debug|Any CPU.Build.0 = Debug|Any CPU
		{346E0A35-02AF-4AC7-B1CF-1A9A8DBFB01E}.Release|Any CPU.ActiveCfg = Release|Any CPU
		{346E0A35-02AF-4AC7-B1CF-1A9A8DBFB01E}.Release|Any CPU.Build.0 = Release|Any CPU
	EndGlobalSection
	GlobalSection(SolutionProperties) = preSolution
		HideSolutionNode = FALSE
	EndGlobalSection
	GlobalSection(ExtensibilityGlobals) = postSolution
		SolutionGuid = {2DA4B3A1-03F7-42F5-96E5-99DB0651B945}
	EndGlobalSection
EndGlobal
