
Microsoft Visual Studio Solution File, Format Version 12.00
# Visual Studio Version 16
VisualStudioVersion = 16.0.30523.141
MinimumVisualStudioVersion = 10.0.40219.1
Project("{FAE04EC0-301F-11D3-BF4B-00C04F79EFBC}") = "Lesson_85", "Lesson_85\Lesson_85.csproj", "{04F983BB-A817-4B57-8A3E-B3A330E77DE5}"
EndProject
Global
	GlobalSection(SolutionConfigurationPlatforms) = preSolution
		Debug|Any CPU = Debug|Any CPU
		Release|Any CPU = Release|Any CPU
	EndGlobalSection
	GlobalSection(ProjectConfigurationPlatforms) = postSolution
		{04F983BB-A817-4B57-8A3E-B3A330E77DE5}.Debug|Any CPU.ActiveCfg = Debug|Any CPU
		{04F983BB-A817-4B57-8A3E-B3A330E77DE5}.Debug|Any CPU.Build.0 = Debug|Any CPU
		{04F983BB-A817-4B57-8A3E-B3A330E77DE5}.Release|Any CPU.ActiveCfg = Release|Any CPU
		{04F983BB-A817-4B57-8A3E-B3A330E77DE5}.Release|Any CPU.Build.0 = Release|Any CPU
	EndGlobalSection
	GlobalSection(SolutionProperties) = preSolution
		HideSolutionNode = FALSE
	EndGlobalSection
	GlobalSection(ExtensibilityGlobals) = postSolution
		SolutionGuid = {18850DCE-F583-45E2-B48C-F9E8753954FE}
	EndGlobalSection
EndGlobal
