
Microsoft Visual Studio Solution File, Format Version 12.00
# Visual Studio Version 16
VisualStudioVersion = 16.0.30523.141
MinimumVisualStudioVersion = 10.0.40219.1
Project("{FAE04EC0-301F-11D3-BF4B-00C04F79EFBC}") = "Lesson_174_175", "Lesson_174_175\Lesson_174_175.csproj", "{EA0FBAC1-BECA-4E28-9A89-71EC39E95D11}"
EndProject
Global
	GlobalSection(SolutionConfigurationPlatforms) = preSolution
		Debug|Any CPU = Debug|Any CPU
		Release|Any CPU = Release|Any CPU
	EndGlobalSection
	GlobalSection(ProjectConfigurationPlatforms) = postSolution
		{EA0FBAC1-BECA-4E28-9A89-71EC39E95D11}.Debug|Any CPU.ActiveCfg = Debug|Any CPU
		{EA0FBAC1-BECA-4E28-9A89-71EC39E95D11}.Debug|Any CPU.Build.0 = Debug|Any CPU
		{EA0FBAC1-BECA-4E28-9A89-71EC39E95D11}.Release|Any CPU.ActiveCfg = Release|Any CPU
		{EA0FBAC1-BECA-4E28-9A89-71EC39E95D11}.Release|Any CPU.Build.0 = Release|Any CPU
	EndGlobalSection
	GlobalSection(SolutionProperties) = preSolution
		HideSolutionNode = FALSE
	EndGlobalSection
	GlobalSection(ExtensibilityGlobals) = postSolution
		SolutionGuid = {8272B569-71F6-455F-992D-EA4BA1B0EDC7}
	EndGlobalSection
EndGlobal
