
Microsoft Visual Studio Solution File, Format Version 12.00
# Visual Studio Version 16
VisualStudioVersion = 16.0.30517.126
MinimumVisualStudioVersion = 10.0.40219.1
Project("{FAE04EC0-301F-11D3-BF4B-00C04F79EFBC}") = "Lesson_7_8", "Lesson_7_8\Lesson_7_8.csproj", "{77F99CE3-8F96-4CC6-83AD-C3D674470956}"
EndProject
Global
	GlobalSection(SolutionConfigurationPlatforms) = preSolution
		Debug|Any CPU = Debug|Any CPU
		Release|Any CPU = Release|Any CPU
	EndGlobalSection
	GlobalSection(ProjectConfigurationPlatforms) = postSolution
		{77F99CE3-8F96-4CC6-83AD-C3D674470956}.Debug|Any CPU.ActiveCfg = Debug|Any CPU
		{77F99CE3-8F96-4CC6-83AD-C3D674470956}.Debug|Any CPU.Build.0 = Debug|Any CPU
		{77F99CE3-8F96-4CC6-83AD-C3D674470956}.Release|Any CPU.ActiveCfg = Release|Any CPU
		{77F99CE3-8F96-4CC6-83AD-C3D674470956}.Release|Any CPU.Build.0 = Release|Any CPU
	EndGlobalSection
	GlobalSection(SolutionProperties) = preSolution
		HideSolutionNode = FALSE
	EndGlobalSection
	GlobalSection(ExtensibilityGlobals) = postSolution
		SolutionGuid = {27CBACDE-7EFE-4DAE-A00A-74A1551322FE}
	EndGlobalSection
EndGlobal
