
Microsoft Visual Studio Solution File, Format Version 12.00
# Visual Studio Version 16
VisualStudioVersion = 16.0.30523.141
MinimumVisualStudioVersion = 10.0.40219.1
Project("{FAE04EC0-301F-11D3-BF4B-00C04F79EFBC}") = "Lesson_83_84", "Lesson_83_84\Lesson_83_84.csproj", "{130BEBD7-5E30-4DB0-8BE6-F410B22A59AA}"
EndProject
Global
	GlobalSection(SolutionConfigurationPlatforms) = preSolution
		Debug|Any CPU = Debug|Any CPU
		Release|Any CPU = Release|Any CPU
	EndGlobalSection
	GlobalSection(ProjectConfigurationPlatforms) = postSolution
		{130BEBD7-5E30-4DB0-8BE6-F410B22A59AA}.Debug|Any CPU.ActiveCfg = Debug|Any CPU
		{130BEBD7-5E30-4DB0-8BE6-F410B22A59AA}.Debug|Any CPU.Build.0 = Debug|Any CPU
		{130BEBD7-5E30-4DB0-8BE6-F410B22A59AA}.Release|Any CPU.ActiveCfg = Release|Any CPU
		{130BEBD7-5E30-4DB0-8BE6-F410B22A59AA}.Release|Any CPU.Build.0 = Release|Any CPU
	EndGlobalSection
	GlobalSection(SolutionProperties) = preSolution
		HideSolutionNode = FALSE
	EndGlobalSection
	GlobalSection(ExtensibilityGlobals) = postSolution
		SolutionGuid = {5101D0AC-26CD-4A19-A7E6-7A985574A453}
	EndGlobalSection
EndGlobal
