
Microsoft Visual Studio Solution File, Format Version 12.00
# Visual Studio Version 16
VisualStudioVersion = 16.0.30523.141
MinimumVisualStudioVersion = 10.0.40219.1
Project("{FAE04EC0-301F-11D3-BF4B-00C04F79EFBC}") = "Lesson_161", "Lesson_161\Lesson_161.csproj", "{3D31D52C-7B4D-4AC6-BF40-8DCBF651410A}"
EndProject
Global
	GlobalSection(SolutionConfigurationPlatforms) = preSolution
		Debug|Any CPU = Debug|Any CPU
		Release|Any CPU = Release|Any CPU
	EndGlobalSection
	GlobalSection(ProjectConfigurationPlatforms) = postSolution
		{3D31D52C-7B4D-4AC6-BF40-8DCBF651410A}.Debug|Any CPU.ActiveCfg = Debug|Any CPU
		{3D31D52C-7B4D-4AC6-BF40-8DCBF651410A}.Debug|Any CPU.Build.0 = Debug|Any CPU
		{3D31D52C-7B4D-4AC6-BF40-8DCBF651410A}.Release|Any CPU.ActiveCfg = Release|Any CPU
		{3D31D52C-7B4D-4AC6-BF40-8DCBF651410A}.Release|Any CPU.Build.0 = Release|Any CPU
	EndGlobalSection
	GlobalSection(SolutionProperties) = preSolution
		HideSolutionNode = FALSE
	EndGlobalSection
	GlobalSection(ExtensibilityGlobals) = postSolution
		SolutionGuid = {A5038F82-67D4-42C6-9642-E3BC30E1C565}
	EndGlobalSection
EndGlobal
