
Microsoft Visual Studio Solution File, Format Version 12.00
# Visual Studio Version 16
VisualStudioVersion = 16.0.30523.141
MinimumVisualStudioVersion = 10.0.40219.1
Project("{FAE04EC0-301F-11D3-BF4B-00C04F79EFBC}") = "Lesson_151", "Lesson_151\Lesson_151.csproj", "{57F5DC9F-ED5F-4C8A-9149-7DD47433653D}"
EndProject
Global
	GlobalSection(SolutionConfigurationPlatforms) = preSolution
		Debug|Any CPU = Debug|Any CPU
		Release|Any CPU = Release|Any CPU
	EndGlobalSection
	GlobalSection(ProjectConfigurationPlatforms) = postSolution
		{57F5DC9F-ED5F-4C8A-9149-7DD47433653D}.Debug|Any CPU.ActiveCfg = Debug|Any CPU
		{57F5DC9F-ED5F-4C8A-9149-7DD47433653D}.Debug|Any CPU.Build.0 = Debug|Any CPU
		{57F5DC9F-ED5F-4C8A-9149-7DD47433653D}.Release|Any CPU.ActiveCfg = Release|Any CPU
		{57F5DC9F-ED5F-4C8A-9149-7DD47433653D}.Release|Any CPU.Build.0 = Release|Any CPU
	EndGlobalSection
	GlobalSection(SolutionProperties) = preSolution
		HideSolutionNode = FALSE
	EndGlobalSection
	GlobalSection(ExtensibilityGlobals) = postSolution
		SolutionGuid = {397E80C6-810C-481B-82B8-BBF49884D19B}
	EndGlobalSection
EndGlobal
