
Microsoft Visual Studio Solution File, Format Version 12.00
# Visual Studio Version 16
VisualStudioVersion = 16.0.30523.141
MinimumVisualStudioVersion = 10.0.40219.1
Project("{FAE04EC0-301F-11D3-BF4B-00C04F79EFBC}") = "Lesson_130", "Lesson_130\Lesson_130.csproj", "{D4CF5EAA-BE13-4466-A8E4-02200C577870}"
EndProject
Global
	GlobalSection(SolutionConfigurationPlatforms) = preSolution
		Debug|Any CPU = Debug|Any CPU
		Release|Any CPU = Release|Any CPU
	EndGlobalSection
	GlobalSection(ProjectConfigurationPlatforms) = postSolution
		{D4CF5EAA-BE13-4466-A8E4-02200C577870}.Debug|Any CPU.ActiveCfg = Debug|Any CPU
		{D4CF5EAA-BE13-4466-A8E4-02200C577870}.Debug|Any CPU.Build.0 = Debug|Any CPU
		{D4CF5EAA-BE13-4466-A8E4-02200C577870}.Release|Any CPU.ActiveCfg = Release|Any CPU
		{D4CF5EAA-BE13-4466-A8E4-02200C577870}.Release|Any CPU.Build.0 = Release|Any CPU
	EndGlobalSection
	GlobalSection(SolutionProperties) = preSolution
		HideSolutionNode = FALSE
	EndGlobalSection
	GlobalSection(ExtensibilityGlobals) = postSolution
		SolutionGuid = {B1C89588-43E0-4D6C-BAF2-9AF44C6AC3AE}
	EndGlobalSection
EndGlobal
