
Microsoft Visual Studio Solution File, Format Version 12.00
# Visual Studio Version 16
VisualStudioVersion = 16.0.30523.141
MinimumVisualStudioVersion = 10.0.40219.1
Project("{FAE04EC0-301F-11D3-BF4B-00C04F79EFBC}") = "Lesson_146", "Lesson_146\Lesson_146.csproj", "{B7E8CA65-AA94-429A-B73F-65DE6721980B}"
EndProject
Global
	GlobalSection(SolutionConfigurationPlatforms) = preSolution
		Debug|Any CPU = Debug|Any CPU
		Release|Any CPU = Release|Any CPU
	EndGlobalSection
	GlobalSection(ProjectConfigurationPlatforms) = postSolution
		{B7E8CA65-AA94-429A-B73F-65DE6721980B}.Debug|Any CPU.ActiveCfg = Debug|Any CPU
		{B7E8CA65-AA94-429A-B73F-65DE6721980B}.Debug|Any CPU.Build.0 = Debug|Any CPU
		{B7E8CA65-AA94-429A-B73F-65DE6721980B}.Release|Any CPU.ActiveCfg = Release|Any CPU
		{B7E8CA65-AA94-429A-B73F-65DE6721980B}.Release|Any CPU.Build.0 = Release|Any CPU
	EndGlobalSection
	GlobalSection(SolutionProperties) = preSolution
		HideSolutionNode = FALSE
	EndGlobalSection
	GlobalSection(ExtensibilityGlobals) = postSolution
		SolutionGuid = {725EB4AF-6EE1-4289-ABA5-9FB444EA18C4}
	EndGlobalSection
EndGlobal
